// !$*UTF8*$!
{
	archiveVersion = 1;
	classes = {
	};
	objectVersion = 46;
	objects = {

/* Begin PBXBuildFile section */
		B0183EB51E709D8700D00588 /* AppDelegate.swift in Sources */ = {isa = PBXBuildFile; fileRef = B0183EB41E709D8700D00588 /* AppDelegate.swift */; };
		B0183EB71E709D8700D00588 /* MusicViewController.swift in Sources */ = {isa = PBXBuildFile; fileRef = B0183EB61E709D8700D00588 /* MusicViewController.swift */; };
		B0183EB91E709D8700D00588 /* MovieViewController.swift in Sources */ = {isa = PBXBuildFile; fileRef = B0183EB81E709D8700D00588 /* MovieViewController.swift */; };
		B0183EBC1E709D8700D00588 /* Main.storyboard in Resources */ = {isa = PBXBuildFile; fileRef = B0183EBA1E709D8700D00588 /* Main.storyboard */; };
		B0183EBE1E709D8700D00588 /* Assets.xcassets in Resources */ = {isa = PBXBuildFile; fileRef = B0183EBD1E709D8700D00588 /* Assets.xcassets */; };
		B0183EC11E709D8700D00588 /* LaunchScreen.storyboard in Resources */ = {isa = PBXBuildFile; fileRef = B0183EBF1E709D8700D00588 /* LaunchScreen.storyboard */; };
		B0D1224A1E70D89700BF69B6 /* Networking.swift in Sources */ = {isa = PBXBuildFile; fileRef = B0D122491E70D89700BF69B6 /* Networking.swift */; };
		B0D1224C1E70DB1700BF69B6 /* NetReach.swift in Sources */ = {isa = PBXBuildFile; fileRef = B0D1224B1E70DB1700BF69B6 /* NetReach.swift */; };
		B0D1224E1E70DEE400BF69B6 /* globalData.swift in Sources */ = {isa = PBXBuildFile; fileRef = B0D1224D1E70DEE400BF69B6 /* globalData.swift */; };
		B0D122501E70EE8F00BF69B6 /* ArticleViewController.swift in Sources */ = {isa = PBXBuildFile; fileRef = B0D1224F1E70EE8F00BF69B6 /* ArticleViewController.swift */; };
		B0D122721E7201C200BF69B6 /* PictureViewController.swift in Sources */ = {isa = PBXBuildFile; fileRef = B0D122711E7201C200BF69B6 /* PictureViewController.swift */; };
		B0D122761E7511AE00BF69B6 /* CustomTabBarController.swift in Sources */ = {isa = PBXBuildFile; fileRef = B0D122751E7511AE00BF69B6 /* CustomTabBarController.swift */; };
		B0D122781E7526D100BF69B6 /* Settings.bundle in Resources */ = {isa = PBXBuildFile; fileRef = B0D122771E7526D100BF69B6 /* Settings.bundle */; };
/* End PBXBuildFile section */

/* Begin PBXFileReference section */
		B0183EB11E709D8700D00588 /* One.app */ = {isa = PBXFileReference; explicitFileType = wrapper.application; includeInIndex = 0; path = One.app; sourceTree = BUILT_PRODUCTS_DIR; };
		B0183EB41E709D8700D00588 /* AppDelegate.swift */ = {isa = PBXFileReference; lastKnownFileType = sourcecode.swift; path = AppDelegate.swift; sourceTree = "<group>"; };
		B0183EB61E709D8700D00588 /* MusicViewController.swift */ = {isa = PBXFileReference; lastKnownFileType = sourcecode.swift; path = MusicViewController.swift; sourceTree = "<group>"; };
		B0183EB81E709D8700D00588 /* MovieViewController.swift */ = {isa = PBXFileReference; lastKnownFileType = sourcecode.swift; path = MovieViewController.swift; sourceTree = "<group>"; };
		B0183EBB1E709D8700D00588 /* Base */ = {isa = PBXFileReference; lastKnownFileType = file.storyboard; name = Base; path = Base.lproj/Main.storyboard; sourceTree = "<group>"; };
		B0183EBD1E709D8700D00588 /* Assets.xcassets */ = {isa = PBXFileReference; lastKnownFileType = folder.assetcatalog; path = Assets.xcassets; sourceTree = "<group>"; };
		B0183EC01E709D8700D00588 /* Base */ = {isa = PBXFileReference; lastKnownFileType = file.storyboard; name = Base; path = Base.lproj/LaunchScreen.storyboard; sourceTree = "<group>"; };
		B0183EC21E709D8700D00588 /* Info.plist */ = {isa = PBXFileReference; lastKnownFileType = text.plist.xml; path = Info.plist; sourceTree = "<group>"; };
		B0D122491E70D89700BF69B6 /* Networking.swift */ = {isa = PBXFileReference; fileEncoding = 4; lastKnownFileType = sourcecode.swift; path = Networking.swift; sourceTree = "<group>"; };
		B0D1224B1E70DB1700BF69B6 /* NetReach.swift */ = {isa = PBXFileReference; fileEncoding = 4; lastKnownFileType = sourcecode.swift; path = NetReach.swift; sourceTree = "<group>"; };
		B0D1224D1E70DEE400BF69B6 /* globalData.swift */ = {isa = PBXFileReference; fileEncoding = 4; lastKnownFileType = sourcecode.swift; path = globalData.swift; sourceTree = "<group>"; };
		B0D1224F1E70EE8F00BF69B6 /* ArticleViewController.swift */ = {isa = PBXFileReference; fileEncoding = 4; lastKnownFileType = sourcecode.swift; path = ArticleViewController.swift; sourceTree = "<group>"; };
		B0D122711E7201C200BF69B6 /* PictureViewController.swift */ = {isa = PBXFileReference; fileEncoding = 4; lastKnownFileType = sourcecode.swift; path = PictureViewController.swift; sourceTree = "<group>"; };
		B0D122751E7511AE00BF69B6 /* CustomTabBarController.swift */ = {isa = PBXFileReference; fileEncoding = 4; lastKnownFileType = sourcecode.swift; path = CustomTabBarController.swift; sourceTree = "<group>"; };
		B0D122771E7526D100BF69B6 /* Settings.bundle */ = {isa = PBXFileReference; lastKnownFileType = "wrapper.plug-in"; path = Settings.bundle; sourceTree = "<group>"; };
/* End PBXFileReference section */

/* Begin PBXFrameworksBuildPhase section */
		B0183EAE1E709D8700D00588 /* Frameworks */ = {
			isa = PBXFrameworksBuildPhase;
			buildActionMask = 2147483647;
			files = (
			);
			runOnlyForDeploymentPostprocessing = 0;
		};
/* End PBXFrameworksBuildPhase section */

/* Begin PBXGroup section */
		B0183EA81E709D8700D00588 = {
			isa = PBXGroup;
			children = (
				B0D122771E7526D100BF69B6 /* Settings.bundle */,
				B0183EB31E709D8700D00588 /* One */,
				B0183EB21E709D8700D00588 /* Products */,
			);
			sourceTree = "<group>";
		};
		B0183EB21E709D8700D00588 /* Products */ = {
			isa = PBXGroup;
			children = (
				B0183EB11E709D8700D00588 /* One.app */,
			);
			name = Products;
			sourceTree = "<group>";
		};
		B0183EB31E709D8700D00588 /* One */ = {
			isa = PBXGroup;
			children = (
				B0D1224B1E70DB1700BF69B6 /* NetReach.swift */,
				B0183EB41E709D8700D00588 /* AppDelegate.swift */,
				B0D1224D1E70DEE400BF69B6 /* globalData.swift */,
				B0D122751E7511AE00BF69B6 /* CustomTabBarController.swift */,
				B0D122491E70D89700BF69B6 /* Networking.swift */,
				B0D1224F1E70EE8F00BF69B6 /* ArticleViewController.swift */,
				B0183EB61E709D8700D00588 /* MusicViewController.swift */,
				B0D122711E7201C200BF69B6 /* PictureViewController.swift */,
				B0183EB81E709D8700D00588 /* MovieViewController.swift */,
				B0183EBA1E709D8700D00588 /* Main.storyboard */,
				B0183EBD1E709D8700D00588 /* Assets.xcassets */,
				B0183EBF1E709D8700D00588 /* LaunchScreen.storyboard */,
				B0183EC21E709D8700D00588 /* Info.plist */,
			);
			path = One;
			sourceTree = "<group>";
		};
/* End PBXGroup section */

/* Begin PBXNativeTarget section */
		B0183EB01E709D8700D00588 /* One */ = {
			isa = PBXNativeTarget;
			buildConfigurationList = B0183EC51E709D8700D00588 /* Build configuration list for PBXNativeTarget "One" */;
			buildPhases = (
				B0183EAD1E709D8700D00588 /* Sources */,
				B0183EAE1E709D8700D00588 /* Frameworks */,
				B0183EAF1E709D8700D00588 /* Resources */,
			);
			buildRules = (
			);
			dependencies = (
			);
			name = One;
			productName = One;
			productReference = B0183EB11E709D8700D00588 /* One.app */;
			productType = "com.apple.product-type.application";
		};
/* End PBXNativeTarget section */

/* Begin PBXProject section */
		B0183EA91E709D8700D00588 /* Project object */ = {
			isa = PBXProject;
			attributes = {
				LastSwiftUpdateCheck = 0820;
				LastUpgradeCheck = 0820;
				ORGANIZATIONNAME = "Mengchen Liu";
				TargetAttributes = {
					B0183EB01E709D8700D00588 = {
						CreatedOnToolsVersion = 8.2.1;
						DevelopmentTeam = 7TC94E3R58;
						ProvisioningStyle = Automatic;
					};
				};
			};
			buildConfigurationList = B0183EAC1E709D8700D00588 /* Build configuration list for PBXProject "One" */;
			compatibilityVersion = "Xcode 3.2";
			developmentRegion = English;
			hasScannedForEncodings = 0;
			knownRegions = (
				en,
				Base,
			);
			mainGroup = B0183EA81E709D8700D00588;
			productRefGroup = B0183EB21E709D8700D00588 /* Products */;
			projectDirPath = "";
			projectRoot = "";
			targets = (
				B0183EB01E709D8700D00588 /* One */,
			);
		};
/* End PBXProject section */

/* Begin PBXResourcesBuildPhase section */
		B0183EAF1E709D8700D00588 /* Resources */ = {
			isa = PBXResourcesBuildPhase;
			buildActionMask = 2147483647;
			files = (
				B0D122781E7526D100BF69B6 /* Settings.bundle in Resources */,
				B0183EC11E709D8700D00588 /* LaunchScreen.storyboard in Resources */,
				B0183EBE1E709D8700D00588 /* Assets.xcassets in Resources */,
				B0183EBC1E709D8700D00588 /* Main.storyboard in Resources */,
			);
			runOnlyForDeploymentPostprocessing = 0;
		};
/* End PBXResourcesBuildPhase section */

/* Begin PBXSourcesBuildPhase section */
		B0183EAD1E709D8700D00588 /* Sources */ = {
			isa = PBXSourcesBuildPhase;
			buildActionMask = 2147483647;
			files = (
				B0183EB91E709D8700D00588 /* MovieViewController.swift in Sources */,
				B0D122721E7201C200BF69B6 /* PictureViewController.swift in Sources */,
				B0D1224E1E70DEE400BF69B6 /* globalData.swift in Sources */,
				B0D122501E70EE8F00BF69B6 /* ArticleViewController.swift in Sources */,
				B0183EB51E709D8700D00588 /* AppDelegate.swift in Sources */,
				B0183EB71E709D8700D00588 /* MusicViewController.swift in Sources */,
				B0D1224A1E70D89700BF69B6 /* Networking.swift in Sources */,
				B0D1224C1E70DB1700BF69B6 /* NetReach.swift in Sources */,
				B0D122761E7511AE00BF69B6 /* CustomTabBarController.swift in Sources */,
			);
			runOnlyForDeploymentPostprocessing = 0;
		};
/* End PBXSourcesBuildPhase section */

/* Begin PBXVariantGroup section */
		B0183EBA1E709D8700D00588 /* Main.storyboard */ = {
			isa = PBXVariantGroup;
			children = (
				B0183EBB1E709D8700D00588 /* Base */,
			);
			name = Main.storyboard;
			sourceTree = "<group>";
		};
		B0183EBF1E709D8700D00588 /* LaunchScreen.storyboard */ = {
			isa = PBXVariantGroup;
			children = (
				B0183EC01E709D8700D00588 /* Base */,
			);
			name = LaunchScreen.storyboard;
			sourceTree = "<group>";
		};
/* End PBXVariantGroup section */

/* Begin XCBuildConfiguration section */
		B0183EC31E709D8700D00588 /* Debug */ = {
			isa = XCBuildConfiguration;
			buildSettings = {
				ALWAYS_SEARCH_USER_PATHS = NO;
				CLANG_ANALYZER_NONNULL = YES;
				CLANG_CXX_LANGUAGE_STANDARD = "gnu++0x";
				CLANG_CXX_LIBRARY = "libc++";
				CLANG_ENABLE_MODULES = YES;
				CLANG_ENABLE_OBJC_ARC = YES;
				CLANG_WARN_BOOL_CONVERSION = YES;
				CLANG_WARN_CONSTANT_CONVERSION = YES;
				CLANG_WARN_DIRECT_OBJC_ISA_USAGE = YES_ERROR;
				CLANG_WARN_DOCUMENTATION_COMMENTS = YES;
				CLANG_WARN_EMPTY_BODY = YES;
				CLANG_WARN_ENUM_CONVERSION = YES;
				CLANG_WARN_INFINITE_RECURSION = YES;
				CLANG_WARN_INT_CONVERSION = YES;
				CLANG_WARN_OBJC_ROOT_CLASS = YES_ERROR;
				CLANG_WARN_SUSPICIOUS_MOVE = YES;
				CLANG_WARN_UNREACHABLE_CODE = YES;
				CLANG_WARN__DUPLICATE_METHOD_MATCH = YES;
				"CODE_SIGN_IDENTITY[sdk=iphoneos*]" = "iPhone Developer";
				COPY_PHASE_STRIP = NO;
				DEBUG_INFORMATION_FORMAT = dwarf;
				ENABLE_STRICT_OBJC_MSGSEND = YES;
				ENABLE_TESTABILITY = YES;
				GCC_C_LANGUAGE_STANDARD = gnu99;
				GCC_DYNAMIC_NO_PIC = NO;
				GCC_NO_COMMON_BLOCKS = YES;
				GCC_OPTIMIZATION_LEVEL = 0;
				GCC_PREPROCESSOR_DEFINITIONS = (
					"DEBUG=1",
					"$(inherited)",
				);
				GCC_WARN_64_TO_32_BIT_CONVERSION = YES;
				GCC_WARN_ABOUT_RETURN_TYPE = YES_ERROR;
				GCC_WARN_UNDECLARED_SELECTOR = YES;
				GCC_WARN_UNINITIALIZED_AUTOS = YES_AGGRESSIVE;
				GCC_WARN_UNUSED_FUNCTION = YES;
				GCC_WARN_UNUSED_VARIABLE = YES;
				IPHONEOS_DEPLOYMENT_TARGET = 10.2;
				MTL_ENABLE_DEBUG_INFO = YES;
				ONLY_ACTIVE_ARCH = YES;
				SDKROOT = iphoneos;
				SWIFT_ACTIVE_COMPILATION_CONDITIONS = DEBUG;
				SWIFT_OPTIMIZATION_LEVEL = "-Onone";
			};
			name = Debug;
		};
		B0183EC41E709D8700D00588 /* Release */ = {
			isa = XCBuildConfiguration;
			buildSettings = {
				ALWAYS_SEARCH_USER_PATHS = NO;
				CLANG_ANALYZER_NONNULL = YES;
				CLANG_CXX_LANGUAGE_STANDARD = "gnu++0x";
				CLANG_CXX_LIBRARY = "libc++";
				CLANG_ENABLE_MODULES = YES;
				CLANG_ENABLE_OBJC_ARC = YES;
				CLANG_WARN_BOOL_CONVERSION = YES;
				CLANG_WARN_CONSTANT_CONVERSION = YES;
				CLANG_WARN_DIRECT_OBJC_ISA_USAGE = YES_ERROR;
				CLANG_WARN_DOCUMENTATION_COMMENTS = YES;
				CLANG_WARN_EMPTY_BODY = YES;
				CLANG_WARN_ENUM_CONVERSION = YES;
				CLANG_WARN_INFINITE_RECURSION = YES;
				CLANG_WARN_INT_CONVERSION = YES;
				CLANG_WARN_OBJC_ROOT_CLASS = YES_ERROR;
				CLANG_WARN_SUSPICIOUS_MOVE = YES;
				CLANG_WARN_UNREACHABLE_CODE = YES;
				CLANG_WARN__DUPLICATE_METHOD_MATCH = YES;
				"CODE_SIGN_IDENTITY[sdk=iphoneos*]" = "iPhone Developer";
				COPY_PHASE_STRIP = NO;
				DEBUG_INFORMATION_FORMAT = "dwarf-with-dsym";
				ENABLE_NS_ASSERTIONS = NO;
				ENABLE_STRICT_OBJC_MSGSEND = YES;
				GCC_C_LANGUAGE_STANDARD = gnu99;
				GCC_NO_COMMON_BLOCKS = YES;
				GCC_WARN_64_TO_32_BIT_CONVERSION = YES;
				GCC_WARN_ABOUT_RETURN_TYPE = YES_ERROR;
				GCC_WARN_UNDECLARED_SELECTOR = YES;
				GCC_WARN_UNINITIALIZED_AUTOS = YES_AGGRESSIVE;
				GCC_WARN_UNUSED_FUNCTION = YES;
				GCC_WARN_UNUSED_VARIABLE = YES;
				IPHONEOS_DEPLOYMENT_TARGET = 10.2;
				MTL_ENABLE_DEBUG_INFO = NO;
				SDKROOT = iphoneos;
				SWIFT_OPTIMIZATION_LEVEL = "-Owholemodule";
				VALIDATE_PRODUCT = YES;
			};
			name = Release;
		};
		B0183EC61E709D8700D00588 /* Debug */ = {
			isa = XCBuildConfiguration;
			buildSettings = {
				ASSETCATALOG_COMPILER_APPICON_NAME = AppIcon;
				"CODE_SIGN_IDENTITY[sdk=iphoneos*]" = "iPhone Developer";
				DEVELOPMENT_TEAM = 7TC94E3R58;
				INFOPLIST_FILE = One/Info.plist;
				IPHONEOS_DEPLOYMENT_TARGET = 10.0;
				LD_RUNPATH_SEARCH_PATHS = "$(inherited) @executable_path/Frameworks";
				PRODUCT_BUNDLE_IDENTIFIER = com.example.OneMock;
				PRODUCT_NAME = "$(TARGET_NAME)";
				SWIFT_VERSION = 3.0;
				TARGETED_DEVICE_FAMILY = 1;
			};
			name = Debug;
		};
		B0183EC71E709D8700D00588 /* Release */ = {
			isa = XCBuildConfiguration;
			buildSettings = {
				ASSETCATALOG_COMPILER_APPICON_NAME = AppIcon;
				"CODE_SIGN_IDENTITY[sdk=iphoneos*]" = "iPhone Developer";
				DEVELOPMENT_TEAM = 7TC94E3R58;
				INFOPLIST_FILE = One/Info.plist;
				IPHONEOS_DEPLOYMENT_TARGET = 10.0;
				LD_RUNPATH_SEARCH_PATHS = "$(inherited) @executable_path/Frameworks";
				PRODUCT_BUNDLE_IDENTIFIER = com.example.OneMock;
				PRODUCT_NAME = "$(TARGET_NAME)";
				SWIFT_VERSION = 3.0;
				TARGETED_DEVICE_FAMILY = 1;
			};
			name = Release;
		};
/* End XCBuildConfiguration section */

/* Begin XCConfigurationList section */
		B0183EAC1E709D8700D00588 /* Build configuration list for PBXProject "One" */ = {
			isa = XCConfigurationList;
			buildConfigurations = (
				B0183EC31E709D8700D00588 /* Debug */,
				B0183EC41E709D8700D00588 /* Release */,
			);
			defaultConfigurationIsVisible = 0;
			defaultConfigurationName = Release;
		};
		B0183EC51E709D8700D00588 /* Build configuration list for PBXNativeTarget "One" */ = {
			isa = XCConfigurationList;
			buildConfigurations = (
				B0183EC61E709D8700D00588 /* Debug */,
				B0183EC71E709D8700D00588 /* Release */,
			);
			defaultConfigurationIsVisible = 0;
			defaultConfigurationName = Release;
		};
/* End XCConfigurationList section */
	};
	rootObject = B0183EA91E709D8700D00588 /* Project object */;
}
